
Microsoft Visual Studio Solution File, Format Version 12.00
# Visual Studio Version 16
VisualStudioVersion = 16.0.31702.278
MinimumVisualStudioVersion = 10.0.40219.1
Project("{FAE04EC0-301F-11D3-BF4B-00C04F79EFBC}") = "FSUIPCRestartIssue", "FSUIPCRestartIssue.csproj", "{845E04F8-0AF8-4D41-88DD-386F749A5639}"
EndProject
Global
	GlobalSection(SolutionConfigurationPlatforms) = preSolution
		Debug|Any CPU = Debug|Any CPU
		Release|Any CPU = Release|Any CPU
	EndGlobalSection
	GlobalSection(ProjectConfigurationPlatforms) = postSolution
		{845E04F8-0AF8-4D41-88DD-386F749A5639}.Debug|Any CPU.ActiveCfg = Debug|Any CPU
		{845E04F8-0AF8-4D41-88DD-386F749A5639}.Debug|Any CPU.Build.0 = Debug|Any CPU
		{845E04F8-0AF8-4D41-88DD-386F749A5639}.Release|Any CPU.ActiveCfg = Release|Any CPU
		{845E04F8-0AF8-4D41-88DD-386F749A5639}.Release|Any CPU.Build.0 = Release|Any CPU
	EndGlobalSection
	GlobalSection(SolutionProperties) = preSolution
		HideSolutionNode = FALSE
	EndGlobalSection
	GlobalSection(ExtensibilityGlobals) = postSolution
		SolutionGuid = {BAE6BE02-58F6-493B-9D1A-39096D394F09}
	EndGlobalSection
EndGlobal
